
Microsoft Visual Studio Solution File, Format Version 12.00
# Visual Studio 15
VisualStudioVersion = 15.0.28307.421
MinimumVisualStudioVersion = 10.0.40219.1
Project("{FAE04EC0-301F-11D3-BF4B-00C04F79EFBC}") = "Database Connection", "Database Connection\Database Connection.csproj", "{14B00C13-18F7-4A9F-B532-18372D71C372}"
EndProject
Global
	GlobalSection(SolutionConfigurationPlatforms) = preSolution
		Debug|Any CPU = Debug|Any CPU
		Release|Any CPU = Release|Any CPU
	EndGlobalSection
	GlobalSection(ProjectConfigurationPlatforms) = postSolution
		{14B00C13-18F7-4A9F-B532-18372D71C372}.Debug|Any CPU.ActiveCfg = Debug|Any CPU
		{14B00C13-18F7-4A9F-B532-18372D71C372}.Debug|Any CPU.Build.0 = Debug|Any CPU
		{14B00C13-18F7-4A9F-B532-18372D71C372}.Release|Any CPU.ActiveCfg = Release|Any CPU
		{14B00C13-18F7-4A9F-B532-18372D71C372}.Release|Any CPU.Build.0 = Release|Any CPU
	EndGlobalSection
	GlobalSection(SolutionProperties) = preSolution
		HideSolutionNode = FALSE
	EndGlobalSection
	GlobalSection(ExtensibilityGlobals) = postSolution
		SolutionGuid = {5F5CF0C6-848A-4B52-ACAC-5BB7910397DE}
	EndGlobalSection
EndGlobal
